
Microsoft Visual Studio Solution File, Format Version 12.00
# Visual Studio Version 17
VisualStudioVersion = 17.7.34221.43
MinimumVisualStudioVersion = 10.0.40219.1
Project("{FAE04EC0-301F-11D3-BF4B-00C04F79EFBC}") = "Week18AdvanceTaskMarsPart1NUnitPOMJson", "Week18AdvanceTaskMarsPart1NUnitPOMJson.csproj", "{70D937E3-C840-45CB-942E-D0096E636207}"
EndProject
Global
	GlobalSection(SolutionConfigurationPlatforms) = preSolution
		Debug|Any CPU = Debug|Any CPU
		Release|Any CPU = Release|Any CPU
	EndGlobalSection
	GlobalSection(ProjectConfigurationPlatforms) = postSolution
		{70D937E3-C840-45CB-942E-D0096E636207}.Debug|Any CPU.ActiveCfg = Debug|Any CPU
		{70D937E3-C840-45CB-942E-D0096E636207}.Debug|Any CPU.Build.0 = Debug|Any CPU
		{70D937E3-C840-45CB-942E-D0096E636207}.Release|Any CPU.ActiveCfg = Release|Any CPU
		{70D937E3-C840-45CB-942E-D0096E636207}.Release|Any CPU.Build.0 = Release|Any CPU
	EndGlobalSection
	GlobalSection(SolutionProperties) = preSolution
		HideSolutionNode = FALSE
	EndGlobalSection
	GlobalSection(ExtensibilityGlobals) = postSolution
		SolutionGuid = {B90F6141-ED3B-4D73-B473-485B405F9B82}
	EndGlobalSection
EndGlobal
